{
  "requires": true,
  "lockfileVersion": 1,
  "dependencies": {
    "axios": {
      "version": "0.20.0",
      "resolved": "https://registry.npmjs.org/axios/-/axios-0.20.0.tgz",
      "integrity": "sha512-ANA4rr2BDcmmAQLOKft2fufrtuvlqR+cXNNinUmvfeSNCOF98PZL+7M/v1zIdGo7OLjEA9J2gXJL+j4zGsl0bA==",
      "requires": {
        "follow-redirects": "^1.10.0"
      }
    },
    "follow-redirects": {
      "version": "1.13.0",
      "resolved": "https://registry.npmjs.org/follow-redirects/-/follow-redirects-1.13.0.tgz",
      "integrity": "sha512-aq6gF1BEKje4a9i9+5jimNFIpq4Q1WiwBToeRK5NvZBd/TRsmW8BsJfOEGkr76TbOyPVD3OVDN910EcUNtRYEA=="
    },
    "gitstar-components": {
      "version": "1.0.5",
      "resolved": "https://registry.npmjs.org/gitstar-components/-/gitstar-components-1.0.5.tgz",
      "integrity": "sha512-U+WeAh/z4PLK6MUOfwWO2yCE0KGAv5UzpgY59gNUhWYY7ZREBiGxkgCZVEYJAEhyXaF2kn4fdaXoXRJRT+Wujg==",
      "requires": {
        "lottie-web": "^5.1.8",
        "primer": "^10.3.0",
        "react": "^16.2.0",
        "react-dom": "^16.2.0"
      }
    },
    "js-tokens": {
      "version": "4.0.0",
      "resolved": "https://registry.npmjs.org/js-tokens/-/js-tokens-4.0.0.tgz",
      "integrity": "sha512-RdJUflcE3cUzKiMqQgsCu06FPu9UdIJO0beYbPhHN4k6apgJtifcoCtT9bcxOpYBtpD2kCM6Sbzg4CausW/PKQ=="
    },
    "loose-envify": {
      "version": "1.4.0",
      "resolved": "https://registry.npmjs.org/loose-envify/-/loose-envify-1.4.0.tgz",
      "integrity": "sha512-lyuxPGr/Wfhrlem2CL/UcnUc1zcqKAImBDzukY7Y5F/yQiNdko6+fRLevlw1HgMySw7f611UIY408EtxRSoK3Q==",
      "requires": {
        "js-tokens": "^3.0.0 || ^4.0.0"
      }
    },
    "lottie-web": {
      "version": "5.7.3",
      "resolved": "https://registry.npmjs.org/lottie-web/-/lottie-web-5.7.3.tgz",
      "integrity": "sha512-ftN4AdiNmtoVpCfN1doiUIUbhOrDSMikH1Yl64/xO5lzQ31AO0+G82bqrCNHIW5Ec2zE/g7y4iz7zBR1YJwDaA=="
    },
    "object-assign": {
      "version": "4.1.1",
      "resolved": "https://registry.npmjs.org/object-assign/-/object-assign-4.1.1.tgz",
      "integrity": "sha1-IQmtx5ZYh8/AXLvUQsrIv7s2CGM="
    },
    "primer": {
      "version": "10.10.5",
      "resolved": "https://registry.npmjs.org/primer/-/primer-10.10.5.tgz",
      "integrity": "sha512-iJjmOomFef/W+oBtwo4U+o2MwCL00z+4XM7ixRP5kJ3Fgc9QEhVW7IPv3DWhqRlbPrMhF68ytM+AFRcHHT8rEA==",
      "requires": {
        "primer-alerts": "1.5.13",
        "primer-avatars": "1.5.10",
        "primer-base": "1.9.2",
        "primer-blankslate": "1.5.2",
        "primer-box": "2.5.13",
        "primer-branch-name": "1.0.11",
        "primer-breadcrumb": "1.5.9",
        "primer-buttons": "2.6.4",
        "primer-core": "6.10.9",
        "primer-forms": "2.1.8",
        "primer-labels": "1.5.13",
        "primer-layout": "1.6.2",
        "primer-markdown": "3.7.13",
        "primer-marketing": "6.3.3",
        "primer-marketing-buttons": "1.0.13",
        "primer-marketing-support": "1.5.6",
        "primer-marketing-type": "1.4.13",
        "primer-marketing-utilities": "1.7.3",
        "primer-navigation": "1.5.11",
        "primer-page-headers": "1.5.3",
        "primer-page-sections": "1.5.3",
        "primer-pagination": "1.0.7",
        "primer-popover": "0.1.8",
        "primer-product": "5.8.3",
        "primer-progress": "0.1.3",
        "primer-subhead": "1.0.11",
        "primer-support": "4.7.2",
        "primer-table-object": "1.4.13",
        "primer-tables": "1.5.3",
        "primer-tooltips": "1.5.11",
        "primer-truncate": "1.4.13",
        "primer-utilities": "4.14.4"
      }
    },
    "primer-alerts": {
      "version": "1.5.13",
      "resolved": "https://registry.npmjs.org/primer-alerts/-/primer-alerts-1.5.13.tgz",
      "integrity": "sha512-RmpYBKhpclKD9doGnH0ehLKZOS25amEkgC3Cwtq8Utxq2BJieeSuVbDcTTPL3ktFA9wez1mxR2vk2CCF3Rl9oQ==",
      "requires": {
        "primer-support": "4.7.2"
      }
    },
    "primer-avatars": {
      "version": "1.5.10",
      "resolved": "https://registry.npmjs.org/primer-avatars/-/primer-avatars-1.5.10.tgz",
      "integrity": "sha512-gn5JO8AHlTvR2z15mDBJsVpMfs3eNoT60fNSF/N+ixFNRCfe4CIgHO8S3R1iCB6MpmkMxsPT38HNkiFUCyKN7w==",
      "requires": {
        "primer-support": "4.7.2"
      }
    },
    "primer-base": {
      "version": "1.9.2",
      "resolved": "https://registry.npmjs.org/primer-base/-/primer-base-1.9.2.tgz",
      "integrity": "sha512-KgZP0cGq0rdgyK5ozw7UbyqG52o0sbzAfRP3iEeoRhDwCJ3X0XaHeCINty7QhcIzWCccXkdamMe/P6HBwWM12g==",
      "requires": {
        "primer-support": "4.7.2"
      }
    },
    "primer-blankslate": {
      "version": "1.5.2",
      "resolved": "https://registry.npmjs.org/primer-blankslate/-/primer-blankslate-1.5.2.tgz",
      "integrity": "sha512-7raUk+G/FSvU3S7TmJchLw7zkepLOh3F523eWRdMwR5N1DAhCm4VqgehXO1kDCbMj5tuBGfZ6FQ2OzFF0LPOIw==",
      "requires": {
        "primer-support": "4.7.2"
      }
    },
    "primer-box": {
      "version": "2.5.13",
      "resolved": "https://registry.npmjs.org/primer-box/-/primer-box-2.5.13.tgz",
      "integrity": "sha512-ZNZ8TFU05gqZx1oSk6DVdjACOOPsdJZqn0qYBcfsEu+AQQiKJ7HVH8pgODlH5tqj8Ihtoz3Q1CxCmrZhVnjnbA==",
      "requires": {
        "primer-support": "4.7.2"
      }
    },
    "primer-branch-name": {
      "version": "1.0.11",
      "resolved": "https://registry.npmjs.org/primer-branch-name/-/primer-branch-name-1.0.11.tgz",
      "integrity": "sha512-zhLcTVn7zXmHkz57KQcgzc8I7mMHdL2R5VfGpIrHHJqxT3t4SDNbW4g+o3Ap85hnU1sxTXvAWGBAgzAHw0zmCA==",
      "requires": {
        "primer-support": "4.7.2"
      }
    },
    "primer-breadcrumb": {
      "version": "1.5.9",
      "resolved": "https://registry.npmjs.org/primer-breadcrumb/-/primer-breadcrumb-1.5.9.tgz",
      "integrity": "sha512-A2+rm3Gi2vk4LYr8yWrNwYNc2i59gcnfAGyT/QJ7G66R0kLD8M3rIPDw2vmRY5LagTvZ8KnY6wRwc5GSSKVBDQ==",
      "requires": {
        "primer-support": "4.7.2"
      }
    },
    "primer-buttons": {
      "version": "2.6.4",
      "resolved": "https://registry.npmjs.org/primer-buttons/-/primer-buttons-2.6.4.tgz",
      "integrity": "sha512-6+wFjXKGk76qZmUrnUTXm8Zo6viiNlcGcSSiW89OeAW2qkHHlTvyMqoKwExg8nGNFbLIGxhvqb9V++nx20Pq1Q==",
      "requires": {
        "primer-support": "4.7.2"
      }
    },
    "primer-core": {
      "version": "6.10.9",
      "resolved": "https://registry.npmjs.org/primer-core/-/primer-core-6.10.9.tgz",
      "integrity": "sha512-OJmJzhjw4UXXU/IzH3JoJL6KGHfWep8G8t+EHNGIJVHBsrGQYylp5iEcsPuHLDQVpKbOtuj3Rqg3ef53ei2R5A==",
      "requires": {
        "primer-base": "1.9.2",
        "primer-box": "2.5.13",
        "primer-breadcrumb": "1.5.9",
        "primer-buttons": "2.6.4",
        "primer-forms": "2.1.8",
        "primer-layout": "1.6.2",
        "primer-navigation": "1.5.11",
        "primer-pagination": "1.0.7",
        "primer-support": "4.7.2",
        "primer-table-object": "1.4.13",
        "primer-tooltips": "1.5.11",
        "primer-truncate": "1.4.13",
        "primer-utilities": "4.14.4"
      }
    },
    "primer-forms": {
      "version": "2.1.8",
      "resolved": "https://registry.npmjs.org/primer-forms/-/primer-forms-2.1.8.tgz",
      "integrity": "sha512-bAobB7DUWphIjdcXfPD6CPWwvWBp5hbH65seO0OT+KkYbCLrDZCeFxLfRs9u1LyYN07DJR/vf4k8wom0Bksr4A==",
      "requires": {
        "primer-support": "4.7.2"
      }
    },
    "primer-labels": {
      "version": "1.5.13",
      "resolved": "https://registry.npmjs.org/primer-labels/-/primer-labels-1.5.13.tgz",
      "integrity": "sha512-fy74yluNWsAxl+gXQeCel0Wi0zrFFr6DDXp4HIkghTPLhVed9H/oCNiELWcoAM1NxxmJCUR34GAW1ASL/hqlKA==",
      "requires": {
        "primer-support": "4.7.2"
      }
    },
    "primer-layout": {
      "version": "1.6.2",
      "resolved": "https://registry.npmjs.org/primer-layout/-/primer-layout-1.6.2.tgz",
      "integrity": "sha512-Ov/g9GiAaKhRAXku2wxsTlmJXhQPAjWpCwibJ+Ooxu0X8n6BA52y/ScZUPFdde+vZYhbFGFQwozU8y2bzuw3dg==",
      "requires": {
        "primer-support": "4.7.2"
      }
    },
    "primer-markdown": {
      "version": "3.7.13",
      "resolved": "https://registry.npmjs.org/primer-markdown/-/primer-markdown-3.7.13.tgz",
      "integrity": "sha512-8GficlbmQ8GIFDzsD9JiFdlgAdeZR66sZa1CTBYbu26osM55/8NyTM7cobRId/MT6uutpRu0J8LlQ2sYuNAIng==",
      "requires": {
        "primer-support": "4.7.2"
      }
    },
    "primer-marketing": {
      "version": "6.3.3",
      "resolved": "https://registry.npmjs.org/primer-marketing/-/primer-marketing-6.3.3.tgz",
      "integrity": "sha512-vmR/YkOlFnQVQSxluXe5lbkH+B7Z2tirgCDGVp+SD9Zs+FJ6YRELmw6cjm0okVkH9205qcMvy9INOunkhKrktw==",
      "requires": {
        "primer-marketing-buttons": "1.0.13",
        "primer-marketing-support": "1.5.6",
        "primer-marketing-type": "1.4.13",
        "primer-marketing-utilities": "1.7.3",
        "primer-page-headers": "1.5.3",
        "primer-page-sections": "1.5.3",
        "primer-support": "4.7.2",
        "primer-tables": "1.5.3"
      }
    },
    "primer-marketing-buttons": {
      "version": "1.0.13",
      "resolved": "https://registry.npmjs.org/primer-marketing-buttons/-/primer-marketing-buttons-1.0.13.tgz",
      "integrity": "sha512-1MzzrG/68zaEcQypG50uELwQ4MHH9b8aTy3jXxayZRc1qvZaLh5SEcSIHWe5lMIZk8qrtYhr22py9+kibyTKIQ==",
      "requires": {
        "primer-support": "4.7.2"
      }
    },
    "primer-marketing-support": {
      "version": "1.5.6",
      "resolved": "https://registry.npmjs.org/primer-marketing-support/-/primer-marketing-support-1.5.6.tgz",
      "integrity": "sha512-YU8ein52s/W+s4a4hHZZJbHURfz2FLI5ItrUxqaqJjcT0O2bALP/JbuCZDrbvWxuOSK4kbF22ANmmMGWFIzp/Q=="
    },
    "primer-marketing-type": {
      "version": "1.4.13",
      "resolved": "https://registry.npmjs.org/primer-marketing-type/-/primer-marketing-type-1.4.13.tgz",
      "integrity": "sha512-ke6l3zgc4mF5ArDzZB1TJ5VHbZG2/uwekVROLQOK4v7XI0MkYZWA9tI+k8UhaFLSsw0vGqxM2ibKUzsQH61C8g==",
      "requires": {
        "primer-marketing-support": "1.5.6",
        "primer-support": "4.7.2"
      }
    },
    "primer-marketing-utilities": {
      "version": "1.7.3",
      "resolved": "https://registry.npmjs.org/primer-marketing-utilities/-/primer-marketing-utilities-1.7.3.tgz",
      "integrity": "sha512-YYDPgyC0G65tPHwZ6ktxfEAqUkJlU2sZjzdcH7thlcg83/UqiZfgmgiiBAxdMjrACY7Q2X9HaHicr5F4rmPhPw==",
      "requires": {
        "primer-marketing-support": "1.5.6",
        "primer-support": "4.7.2"
      }
    },
    "primer-navigation": {
      "version": "1.5.11",
      "resolved": "https://registry.npmjs.org/primer-navigation/-/primer-navigation-1.5.11.tgz",
      "integrity": "sha512-Fykn/zuJX8z8kEIkzxnbwZhbCbYbuQF7Iv+03yzBeesOfN4VaQKgpTtaAXW26NB1BjOo3omrhVivYoejTFXbuw==",
      "requires": {
        "primer-support": "4.7.2"
      }
    },
    "primer-page-headers": {
      "version": "1.5.3",
      "resolved": "https://registry.npmjs.org/primer-page-headers/-/primer-page-headers-1.5.3.tgz",
      "integrity": "sha512-SVgAnr1jz/8qNhr+LsQayHGGICi1pCfBJV2R+zhcooDJC29ddSoTW+LpwvBj1P68c7sJfaMPRmlcq0hUGGG/Pw==",
      "requires": {
        "primer-marketing-support": "1.5.6",
        "primer-support": "4.7.2"
      }
    },
    "primer-page-sections": {
      "version": "1.5.3",
      "resolved": "https://registry.npmjs.org/primer-page-sections/-/primer-page-sections-1.5.3.tgz",
      "integrity": "sha512-xaj6v+v3FvaSMVFDZAYsrObkvOviPwxYZt0rrkMeoyhrMVG2uB3nD3Kmu3st9UbwobdXjMTSKPkKBcarckwhuw==",
      "requires": {
        "primer-marketing-support": "1.5.6",
        "primer-support": "4.7.2"
      }
    },
    "primer-pagination": {
      "version": "1.0.7",
      "resolved": "https://registry.npmjs.org/primer-pagination/-/primer-pagination-1.0.7.tgz",
      "integrity": "sha512-c0Vmc3ZYspn+JdY6nmH626c+bxkuJLToYueksEMOrET4da05xwnC8dF7v6fh7UlBZ+qNArf+SsFWqXJPW5C8IA==",
      "requires": {
        "primer-support": "4.7.2"
      }
    },
    "primer-popover": {
      "version": "0.1.8",
      "resolved": "https://registry.npmjs.org/primer-popover/-/primer-popover-0.1.8.tgz",
      "integrity": "sha512-9v07joxBbnoY7bbdyGmuqqmRyVdAwm94Ek0SSuJXFX93UDtWQsgl4/61ko57WOZw2U7A3nMfY4uISIw+VPh2Lg==",
      "requires": {
        "primer-support": "4.7.2"
      }
    },
    "primer-product": {
      "version": "5.8.3",
      "resolved": "https://registry.npmjs.org/primer-product/-/primer-product-5.8.3.tgz",
      "integrity": "sha512-PhB7L0xclE1wwrv+o7TFvKV2LCwPn8znjGSjxgj4wB+X9JIbUEmVL8my6iL/FrLogOfzdk7ykZozDBNSW2OL+A==",
      "requires": {
        "primer-alerts": "1.5.13",
        "primer-avatars": "1.5.10",
        "primer-blankslate": "1.5.2",
        "primer-branch-name": "1.0.11",
        "primer-labels": "1.5.13",
        "primer-markdown": "3.7.13",
        "primer-popover": "0.1.8",
        "primer-progress": "0.1.3",
        "primer-subhead": "1.0.11",
        "primer-support": "4.7.2"
      }
    },
    "primer-progress": {
      "version": "0.1.3",
      "resolved": "https://registry.npmjs.org/primer-progress/-/primer-progress-0.1.3.tgz",
      "integrity": "sha512-F9e3D9P/jP8Y5EuASS0czcB0P62v4AhuTdJZHZTYL1hMP3kpbQaUjMYf4QjekxxJgDY4Rf8X3ewkVlvnvjg5ug==",
      "requires": {
        "primer-support": "4.7.2"
      }
    },
    "primer-subhead": {
      "version": "1.0.11",
      "resolved": "https://registry.npmjs.org/primer-subhead/-/primer-subhead-1.0.11.tgz",
      "integrity": "sha512-YDazpiTs4UMQaWYBRr3HWn5Ac1bRhhZUPxdYzbfQapZWL2XOLqgDF4Xvshmd29v6smmno5/Mel8WNXePXx9JyA==",
      "requires": {
        "primer-support": "4.7.2"
      }
    },
    "primer-support": {
      "version": "4.7.2",
      "resolved": "https://registry.npmjs.org/primer-support/-/primer-support-4.7.2.tgz",
      "integrity": "sha512-WbfjjITtGV6iXQeaVPL+AzHj1Jv9RHJRp7kIu5ebFXwolWmCqTBpA/8VmWmssyeTfv8zR7iuCoT0UoBF+uGHww=="
    },
    "primer-table-object": {
      "version": "1.4.13",
      "resolved": "https://registry.npmjs.org/primer-table-object/-/primer-table-object-1.4.13.tgz",
      "integrity": "sha512-JoU/T1aubSg3cvEXh5K95X63W5bJLFlvDflVWMc8QJKiHBPmICH7yccsGI+ybhEUnd7MUD+BEXKgQwM+Iinv5g==",
      "requires": {
        "primer-support": "4.7.2"
      }
    },
    "primer-tables": {
      "version": "1.5.3",
      "resolved": "https://registry.npmjs.org/primer-tables/-/primer-tables-1.5.3.tgz",
      "integrity": "sha512-ZTBG2qQvE9qKI8N7sdN39F8y5sckDRSFR4JkTVQqujrXwoK7kGeqdNXirKFSuzSyW9MnBt02tOTQ65xC0xl3sg==",
      "requires": {
        "primer-marketing-support": "1.5.6",
        "primer-support": "4.7.2"
      }
    },
    "primer-tooltips": {
      "version": "1.5.11",
      "resolved": "https://registry.npmjs.org/primer-tooltips/-/primer-tooltips-1.5.11.tgz",
      "integrity": "sha512-r0C4gnzg8hChoKVU5hC+e7BlKM3gkO+W8L1o91RCDiguN9S0u/yo3DQwlVL68igvAP34NEYzchsZ82BkQkd1Dg==",
      "requires": {
        "primer-support": "4.7.2"
      }
    },
    "primer-truncate": {
      "version": "1.4.13",
      "resolved": "https://registry.npmjs.org/primer-truncate/-/primer-truncate-1.4.13.tgz",
      "integrity": "sha512-/3saQDL8n77nGJ7zMT05PKTKeMTFrR2QVjZsD5XnOblMiglND95ozOKef0sDcyrgR7fv+qLMXr56+QS/FWFSsw==",
      "requires": {
        "primer-support": "4.7.2"
      }
    },
    "primer-utilities": {
      "version": "4.14.4",
      "resolved": "https://registry.npmjs.org/primer-utilities/-/primer-utilities-4.14.4.tgz",
      "integrity": "sha512-EEZxsp/bjY4jkTqDeVJfWI/df55icDhFDGylX59VeiSVudIgUUe5G1VqtgGJIXgqnkiLf5u+iaOSayFvxqhTrg==",
      "requires": {
        "primer-support": "4.7.2"
      }
    },
    "prop-types": {
      "version": "15.7.2",
      "resolved": "https://registry.npmjs.org/prop-types/-/prop-types-15.7.2.tgz",
      "integrity": "sha512-8QQikdH7//R2vurIJSutZ1smHYTcLpRWEOlHnzcWHmBYrOGUysKwSsrC89BCiFj3CbrfJ/nXFdJepOVrY1GCHQ==",
      "requires": {
        "loose-envify": "^1.4.0",
        "object-assign": "^4.1.1",
        "react-is": "^16.8.1"
      }
    },
    "react": {
      "version": "16.13.1",
      "resolved": "https://registry.npmjs.org/react/-/react-16.13.1.tgz",
      "integrity": "sha512-YMZQQq32xHLX0bz5Mnibv1/LHb3Sqzngu7xstSM+vrkE5Kzr9xE0yMByK5kMoTK30YVJE61WfbxIFFvfeDKT1w==",
      "requires": {
        "loose-envify": "^1.1.0",
        "object-assign": "^4.1.1",
        "prop-types": "^15.6.2"
      }
    },
    "react-dom": {
      "version": "16.13.1",
      "resolved": "https://registry.npmjs.org/react-dom/-/react-dom-16.13.1.tgz",
      "integrity": "sha512-81PIMmVLnCNLO/fFOQxdQkvEq/+Hfpv24XNJfpyZhTRfO0QcmQIF/PgCa1zCOj2w1hrn12MFLyaJ/G0+Mxtfag==",
      "requires": {
        "loose-envify": "^1.1.0",
        "object-assign": "^4.1.1",
        "prop-types": "^15.6.2",
        "scheduler": "^0.19.1"
      }
    },
    "react-is": {
      "version": "16.13.1",
      "resolved": "https://registry.npmjs.org/react-is/-/react-is-16.13.1.tgz",
      "integrity": "sha512-24e6ynE2H+OKt4kqsOvNd8kBpV65zoxbA4BVsEOB3ARVWQki/DHzaUoC5KuON/BiccDaCCTZBuOcfZs70kR8bQ=="
    },
    "scheduler": {
      "version": "0.19.1",
      "resolved": "https://registry.npmjs.org/scheduler/-/scheduler-0.19.1.tgz",
      "integrity": "sha512-n/zwRWRYSUj0/3g/otKDRPMh6qv2SYMWNq85IEa8iZyAv8od9zDYpGSnpBEjNgcMNq6Scbu5KfIPxNF72R/2EA==",
      "requires": {
        "loose-envify": "^1.1.0",
        "object-assign": "^4.1.1"
      }
    }
  }
}
